
Microsoft Visual Studio Solution File, Format Version 12.00
# Visual Studio Version 16
VisualStudioVersion = 16.0.31624.102
MinimumVisualStudioVersion = 10.0.40219.1
Project("{9A19103F-16F7-4668-BE54-9A1E7A4F7556}") = "appiocache", "appiocache\appiocache.csproj", "{382C8E6F-B8D3-4239-8685-0E1316EA22C0}"
EndProject
Project("{9A19103F-16F7-4668-BE54-9A1E7A4F7556}") = "tests", "tests\tests.csproj", "{34B4AB02-DCB5-48C8-B927-2E52D21C68E5}"
EndProject
Global
	GlobalSection(SolutionConfigurationPlatforms) = preSolution
		Debug|Any CPU = Debug|Any CPU
		Release|Any CPU = Release|Any CPU
	EndGlobalSection
	GlobalSection(ProjectConfigurationPlatforms) = postSolution
		{382C8E6F-B8D3-4239-8685-0E1316EA22C0}.Debug|Any CPU.ActiveCfg = Debug|Any CPU
		{382C8E6F-B8D3-4239-8685-0E1316EA22C0}.Debug|Any CPU.Build.0 = Debug|Any CPU
		{382C8E6F-B8D3-4239-8685-0E1316EA22C0}.Release|Any CPU.ActiveCfg = Release|Any CPU
		{382C8E6F-B8D3-4239-8685-0E1316EA22C0}.Release|Any CPU.Build.0 = Release|Any CPU
		{34B4AB02-DCB5-48C8-B927-2E52D21C68E5}.Debug|Any CPU.ActiveCfg = Debug|Any CPU
		{34B4AB02-DCB5-48C8-B927-2E52D21C68E5}.Debug|Any CPU.Build.0 = Debug|Any CPU
		{34B4AB02-DCB5-48C8-B927-2E52D21C68E5}.Release|Any CPU.ActiveCfg = Release|Any CPU
		{34B4AB02-DCB5-48C8-B927-2E52D21C68E5}.Release|Any CPU.Build.0 = Release|Any CPU
	EndGlobalSection
	GlobalSection(SolutionProperties) = preSolution
		HideSolutionNode = FALSE
	EndGlobalSection
	GlobalSection(ExtensibilityGlobals) = postSolution
		SolutionGuid = {D9F037A8-D1DB-45EB-8C8C-0C5757AA0E92}
	EndGlobalSection
EndGlobal
