
Microsoft Visual Studio Solution File, Format Version 12.00
# Visual Studio Version 16
VisualStudioVersion = 16.0.31624.102
MinimumVisualStudioVersion = 10.0.40219.1
Project("{FAE04EC0-301F-11D3-BF4B-00C04F79EFBC}") = "AwesomeApp.Android", "AwesomeApp.Android\AwesomeApp.Android.csproj", "{BE07B192-93AA-400E-BEA3-E8625BBFD197}"
EndProject
Project("{FAE04EC0-301F-11D3-BF4B-00C04F79EFBC}") = "AwesomeApp.iOS", "AwesomeApp.iOS\AwesomeApp.iOS.csproj", "{08E15A39-87A5-4F57-A130-2F14E5A067C0}"
EndProject
Project("{9A19103F-16F7-4668-BE54-9A1E7A4F7556}") = "AwesomeApp", "AwesomeApp\AwesomeApp.csproj", "{B62C8026-6827-423C-8FB2-347EEF04A4EA}"
EndProject
Project("{9A19103F-16F7-4668-BE54-9A1E7A4F7556}") = "appiocache", "..\appiocache\appiocache.csproj", "{2946A6EC-D358-4440-B337-DBC452B11723}"
EndProject
Global
	GlobalSection(SolutionConfigurationPlatforms) = preSolution
		Debug|Any CPU = Debug|Any CPU
		Debug|iPhone = Debug|iPhone
		Debug|iPhoneSimulator = Debug|iPhoneSimulator
		Release|Any CPU = Release|Any CPU
		Release|iPhone = Release|iPhone
		Release|iPhoneSimulator = Release|iPhoneSimulator
	EndGlobalSection
	GlobalSection(ProjectConfigurationPlatforms) = postSolution
		{BE07B192-93AA-400E-BEA3-E8625BBFD197}.Debug|Any CPU.ActiveCfg = Debug|Any CPU
		{BE07B192-93AA-400E-BEA3-E8625BBFD197}.Debug|Any CPU.Build.0 = Debug|Any CPU
		{BE07B192-93AA-400E-BEA3-E8625BBFD197}.Debug|Any CPU.Deploy.0 = Debug|Any CPU
		{BE07B192-93AA-400E-BEA3-E8625BBFD197}.Debug|iPhone.ActiveCfg = Debug|Any CPU
		{BE07B192-93AA-400E-BEA3-E8625BBFD197}.Debug|iPhone.Build.0 = Debug|Any CPU
		{BE07B192-93AA-400E-BEA3-E8625BBFD197}.Debug|iPhone.Deploy.0 = Debug|Any CPU
		{BE07B192-93AA-400E-BEA3-E8625BBFD197}.Debug|iPhoneSimulator.ActiveCfg = Debug|Any CPU
		{BE07B192-93AA-400E-BEA3-E8625BBFD197}.Debug|iPhoneSimulator.Build.0 = Debug|Any CPU
		{BE07B192-93AA-400E-BEA3-E8625BBFD197}.Debug|iPhoneSimulator.Deploy.0 = Debug|Any CPU
		{BE07B192-93AA-400E-BEA3-E8625BBFD197}.Release|Any CPU.ActiveCfg = Release|Any CPU
		{BE07B192-93AA-400E-BEA3-E8625BBFD197}.Release|Any CPU.Build.0 = Release|Any CPU
		{BE07B192-93AA-400E-BEA3-E8625BBFD197}.Release|Any CPU.Deploy.0 = Release|Any CPU
		{BE07B192-93AA-400E-BEA3-E8625BBFD197}.Release|iPhone.ActiveCfg = Release|Any CPU
		{BE07B192-93AA-400E-BEA3-E8625BBFD197}.Release|iPhone.Build.0 = Release|Any CPU
		{BE07B192-93AA-400E-BEA3-E8625BBFD197}.Release|iPhone.Deploy.0 = Release|Any CPU
		{BE07B192-93AA-400E-BEA3-E8625BBFD197}.Release|iPhoneSimulator.ActiveCfg = Release|Any CPU
		{BE07B192-93AA-400E-BEA3-E8625BBFD197}.Release|iPhoneSimulator.Build.0 = Release|Any CPU
		{BE07B192-93AA-400E-BEA3-E8625BBFD197}.Release|iPhoneSimulator.Deploy.0 = Release|Any CPU
		{08E15A39-87A5-4F57-A130-2F14E5A067C0}.Debug|Any CPU.ActiveCfg = Debug|iPhone
		{08E15A39-87A5-4F57-A130-2F14E5A067C0}.Debug|Any CPU.Build.0 = Debug|iPhone
		{08E15A39-87A5-4F57-A130-2F14E5A067C0}.Debug|Any CPU.Deploy.0 = Debug|iPhone
		{08E15A39-87A5-4F57-A130-2F14E5A067C0}.Debug|iPhone.ActiveCfg = Debug|iPhone
		{08E15A39-87A5-4F57-A130-2F14E5A067C0}.Debug|iPhone.Build.0 = Debug|iPhone
		{08E15A39-87A5-4F57-A130-2F14E5A067C0}.Debug|iPhone.Deploy.0 = Debug|iPhone
		{08E15A39-87A5-4F57-A130-2F14E5A067C0}.Debug|iPhoneSimulator.ActiveCfg = Debug|iPhoneSimulator
		{08E15A39-87A5-4F57-A130-2F14E5A067C0}.Debug|iPhoneSimulator.Build.0 = Debug|iPhoneSimulator
		{08E15A39-87A5-4F57-A130-2F14E5A067C0}.Debug|iPhoneSimulator.Deploy.0 = Debug|iPhoneSimulator
		{08E15A39-87A5-4F57-A130-2F14E5A067C0}.Release|Any CPU.ActiveCfg = Release|iPhoneSimulator
		{08E15A39-87A5-4F57-A130-2F14E5A067C0}.Release|Any CPU.Build.0 = Release|iPhoneSimulator
		{08E15A39-87A5-4F57-A130-2F14E5A067C0}.Release|Any CPU.Deploy.0 = Release|iPhoneSimulator
		{08E15A39-87A5-4F57-A130-2F14E5A067C0}.Release|iPhone.ActiveCfg = Release|iPhone
		{08E15A39-87A5-4F57-A130-2F14E5A067C0}.Release|iPhone.Build.0 = Release|iPhone
		{08E15A39-87A5-4F57-A130-2F14E5A067C0}.Release|iPhone.Deploy.0 = Release|iPhone
		{08E15A39-87A5-4F57-A130-2F14E5A067C0}.Release|iPhoneSimulator.ActiveCfg = Release|iPhoneSimulator
		{08E15A39-87A5-4F57-A130-2F14E5A067C0}.Release|iPhoneSimulator.Build.0 = Release|iPhoneSimulator
		{08E15A39-87A5-4F57-A130-2F14E5A067C0}.Release|iPhoneSimulator.Deploy.0 = Release|iPhoneSimulator
		{B62C8026-6827-423C-8FB2-347EEF04A4EA}.Debug|Any CPU.ActiveCfg = Debug|Any CPU
		{B62C8026-6827-423C-8FB2-347EEF04A4EA}.Debug|Any CPU.Build.0 = Debug|Any CPU
		{B62C8026-6827-423C-8FB2-347EEF04A4EA}.Debug|Any CPU.Deploy.0 = Debug|Any CPU
		{B62C8026-6827-423C-8FB2-347EEF04A4EA}.Debug|iPhone.ActiveCfg = Debug|Any CPU
		{B62C8026-6827-423C-8FB2-347EEF04A4EA}.Debug|iPhone.Build.0 = Debug|Any CPU
		{B62C8026-6827-423C-8FB2-347EEF04A4EA}.Debug|iPhone.Deploy.0 = Debug|Any CPU
		{B62C8026-6827-423C-8FB2-347EEF04A4EA}.Debug|iPhoneSimulator.ActiveCfg = Debug|Any CPU
		{B62C8026-6827-423C-8FB2-347EEF04A4EA}.Debug|iPhoneSimulator.Build.0 = Debug|Any CPU
		{B62C8026-6827-423C-8FB2-347EEF04A4EA}.Debug|iPhoneSimulator.Deploy.0 = Debug|Any CPU
		{B62C8026-6827-423C-8FB2-347EEF04A4EA}.Release|Any CPU.ActiveCfg = Release|Any CPU
		{B62C8026-6827-423C-8FB2-347EEF04A4EA}.Release|Any CPU.Build.0 = Release|Any CPU
		{B62C8026-6827-423C-8FB2-347EEF04A4EA}.Release|Any CPU.Deploy.0 = Release|Any CPU
		{B62C8026-6827-423C-8FB2-347EEF04A4EA}.Release|iPhone.ActiveCfg = Release|Any CPU
		{B62C8026-6827-423C-8FB2-347EEF04A4EA}.Release|iPhone.Build.0 = Release|Any CPU
		{B62C8026-6827-423C-8FB2-347EEF04A4EA}.Release|iPhone.Deploy.0 = Release|Any CPU
		{B62C8026-6827-423C-8FB2-347EEF04A4EA}.Release|iPhoneSimulator.ActiveCfg = Release|Any CPU
		{B62C8026-6827-423C-8FB2-347EEF04A4EA}.Release|iPhoneSimulator.Build.0 = Release|Any CPU
		{B62C8026-6827-423C-8FB2-347EEF04A4EA}.Release|iPhoneSimulator.Deploy.0 = Release|Any CPU
		{2946A6EC-D358-4440-B337-DBC452B11723}.Debug|Any CPU.ActiveCfg = Debug|Any CPU
		{2946A6EC-D358-4440-B337-DBC452B11723}.Debug|Any CPU.Build.0 = Debug|Any CPU
		{2946A6EC-D358-4440-B337-DBC452B11723}.Debug|iPhone.ActiveCfg = Debug|Any CPU
		{2946A6EC-D358-4440-B337-DBC452B11723}.Debug|iPhone.Build.0 = Debug|Any CPU
		{2946A6EC-D358-4440-B337-DBC452B11723}.Debug|iPhoneSimulator.ActiveCfg = Debug|Any CPU
		{2946A6EC-D358-4440-B337-DBC452B11723}.Debug|iPhoneSimulator.Build.0 = Debug|Any CPU
		{2946A6EC-D358-4440-B337-DBC452B11723}.Release|Any CPU.ActiveCfg = Release|Any CPU
		{2946A6EC-D358-4440-B337-DBC452B11723}.Release|Any CPU.Build.0 = Release|Any CPU
		{2946A6EC-D358-4440-B337-DBC452B11723}.Release|iPhone.ActiveCfg = Release|Any CPU
		{2946A6EC-D358-4440-B337-DBC452B11723}.Release|iPhone.Build.0 = Release|Any CPU
		{2946A6EC-D358-4440-B337-DBC452B11723}.Release|iPhoneSimulator.ActiveCfg = Release|Any CPU
		{2946A6EC-D358-4440-B337-DBC452B11723}.Release|iPhoneSimulator.Build.0 = Release|Any CPU
	EndGlobalSection
	GlobalSection(SolutionProperties) = preSolution
		HideSolutionNode = FALSE
	EndGlobalSection
	GlobalSection(ExtensibilityGlobals) = postSolution
		SolutionGuid = {D02B234A-ED78-4755-B012-FFE9D0B7C2DE}
	EndGlobalSection
EndGlobal
